// !$*UTF8*$!
{
	archiveVersion = 1;
	classes = {
	};
	objectVersion = 46;
	objects = {

/* Begin PBXBuildFile section */
		7DDC0F0E1A01237500698868 /* main.m in Sources */ = {isa = PBXBuildFile; fileRef = 7DDC0F0D1A01237500698868 /* main.m */; };
		7DDC0F111A01237500698868 /* AppDelegate.m in Sources */ = {isa = PBXBuildFile; fileRef = 7DDC0F101A01237500698868 /* AppDelegate.m */; };
		7DDC0F141A01237500698868 /* ViewController.m in Sources */ = {isa = PBXBuildFile; fileRef = 7DDC0F131A01237500698868 /* ViewController.m */; };
		7DDC0F171A01237500698868 /* Main.storyboard in Resources */ = {isa = PBXBuildFile; fileRef = 7DDC0F151A01237500698868 /* Main.storyboard */; };
		7DDC0F191A01237500698868 /* Images.xcassets in Resources */ = {isa = PBXBuildFile; fileRef = 7DDC0F181A01237500698868 /* Images.xcassets */; };
		7DDC0F1C1A01237500698868 /* LaunchScreen.xib in Resources */ = {isa = PBXBuildFile; fileRef = 7DDC0F1A1A01237500698868 /* LaunchScreen.xib */; };
		7DDC0F281A01237500698868 /* Funky_Unit_ConverterTests.m in Sources */ = {isa = PBXBuildFile; fileRef = 7DDC0F271A01237500698868 /* Funky_Unit_ConverterTests.m */; };
/* End PBXBuildFile section */

/* Begin PBXContainerItemProxy section */
		7DDC0F221A01237500698868 /* PBXContainerItemProxy */ = {
			isa = PBXContainerItemProxy;
			containerPortal = 7DDC0F001A01237500698868 /* Project object */;
			proxyType = 1;
			remoteGlobalIDString = 7DDC0F071A01237500698868;
			remoteInfo = "Funky Unit Converter";
		};
/* End PBXContainerItemProxy section */

/* Begin PBXFileReference section */
		7DDC0F081A01237500698868 /* Funky Unit Converter.app */ = {isa = PBXFileReference; explicitFileType = wrapper.application; includeInIndex = 0; path = "Funky Unit Converter.app"; sourceTree = BUILT_PRODUCTS_DIR; };
		7DDC0F0C1A01237500698868 /* Info.plist */ = {isa = PBXFileReference; lastKnownFileType = text.plist.xml; path = Info.plist; sourceTree = "<group>"; };
		7DDC0F0D1A01237500698868 /* main.m */ = {isa = PBXFileReference; lastKnownFileType = sourcecode.c.objc; path = main.m; sourceTree = "<group>"; };
		7DDC0F0F1A01237500698868 /* AppDelegate.h */ = {isa = PBXFileReference; lastKnownFileType = sourcecode.c.h; path = AppDelegate.h; sourceTree = "<group>"; };
		7DDC0F101A01237500698868 /* AppDelegate.m */ = {isa = PBXFileReference; lastKnownFileType = sourcecode.c.objc; path = AppDelegate.m; sourceTree = "<group>"; };
		7DDC0F121A01237500698868 /* ViewController.h */ = {isa = PBXFileReference; lastKnownFileType = sourcecode.c.h; path = ViewController.h; sourceTree = "<group>"; };
		7DDC0F131A01237500698868 /* ViewController.m */ = {isa = PBXFileReference; lastKnownFileType = sourcecode.c.objc; path = ViewController.m; sourceTree = "<group>"; };
		7DDC0F161A01237500698868 /* Base */ = {isa = PBXFileReference; lastKnownFileType = file.storyboard; name = Base; path = Base.lproj/Main.storyboard; sourceTree = "<group>"; };
		7DDC0F181A01237500698868 /* Images.xcassets */ = {isa = PBXFileReference; lastKnownFileType = folder.assetcatalog; path = Images.xcassets; sourceTree = "<group>"; };
		7DDC0F1B1A01237500698868 /* Base */ = {isa = PBXFileReference; lastKnownFileType = file.xib; name = Base; path = Base.lproj/LaunchScreen.xib; sourceTree = "<group>"; };
		7DDC0F211A01237500698868 /* Funky Unit ConverterTests.xctest */ = {isa = PBXFileReference; explicitFileType = wrapper.cfbundle; includeInIndex = 0; path = "Funky Unit ConverterTests.xctest"; sourceTree = BUILT_PRODUCTS_DIR; };
		7DDC0F261A01237500698868 /* Info.plist */ = {isa = PBXFileReference; lastKnownFileType = text.plist.xml; path = Info.plist; sourceTree = "<group>"; };
		7DDC0F271A01237500698868 /* Funky_Unit_ConverterTests.m */ = {isa = PBXFileReference; lastKnownFileType = sourcecode.c.objc; path = Funky_Unit_ConverterTests.m; sourceTree = "<group>"; };
/* End PBXFileReference section */

/* Begin PBXFrameworksBuildPhase section */
		7DDC0F051A01237500698868 /* Frameworks */ = {
			isa = PBXFrameworksBuildPhase;
			buildActionMask = 2147483647;
			files = (
			);
			runOnlyForDeploymentPostprocessing = 0;
		};
		7DDC0F1E1A01237500698868 /* Frameworks */ = {
			isa = PBXFrameworksBuildPhase;
			buildActionMask = 2147483647;
			files = (
			);
			runOnlyForDeploymentPostprocessing = 0;
		};
/* End PBXFrameworksBuildPhase section */

/* Begin PBXGroup section */
		7DDC0EFF1A01237500698868 = {
			isa = PBXGroup;
			children = (
				7DDC0F0A1A01237500698868 /* Funky Unit Converter */,
				7DDC0F241A01237500698868 /* Funky Unit ConverterTests */,
				7DDC0F091A01237500698868 /* Products */,
			);
			sourceTree = "<group>";
		};
		7DDC0F091A01237500698868 /* Products */ = {
			isa = PBXGroup;
			children = (
				7DDC0F081A01237500698868 /* Funky Unit Converter.app */,
				7DDC0F211A01237500698868 /* Funky Unit ConverterTests.xctest */,
			);
			name = Products;
			sourceTree = "<group>";
		};
		7DDC0F0A1A01237500698868 /* Funky Unit Converter */ = {
			isa = PBXGroup;
			children = (
				7DDC0F0F1A01237500698868 /* AppDelegate.h */,
				7DDC0F101A01237500698868 /* AppDelegate.m */,
				7DDC0F121A01237500698868 /* ViewController.h */,
				7DDC0F131A01237500698868 /* ViewController.m */,
				7DDC0F151A01237500698868 /* Main.storyboard */,
				7DDC0F181A01237500698868 /* Images.xcassets */,
				7DDC0F1A1A01237500698868 /* LaunchScreen.xib */,
				7DDC0F0B1A01237500698868 /* Supporting Files */,
			);
			path = "Funky Unit Converter";
			sourceTree = "<group>";
		};
		7DDC0F0B1A01237500698868 /* Supporting Files */ = {
			isa = PBXGroup;
			children = (
				7DDC0F0C1A01237500698868 /* Info.plist */,
				7DDC0F0D1A01237500698868 /* main.m */,
			);
			name = "Supporting Files";
			sourceTree = "<group>";
		};
		7DDC0F241A01237500698868 /* Funky Unit ConverterTests */ = {
			isa = PBXGroup;
			children = (
				7DDC0F271A01237500698868 /* Funky_Unit_ConverterTests.m */,
				7DDC0F251A01237500698868 /* Supporting Files */,
			);
			path = "Funky Unit ConverterTests";
			sourceTree = "<group>";
		};
		7DDC0F251A01237500698868 /* Supporting Files */ = {
			isa = PBXGroup;
			children = (
				7DDC0F261A01237500698868 /* Info.plist */,
			);
			name = "Supporting Files";
			sourceTree = "<group>";
		};
/* End PBXGroup section */

/* Begin PBXNativeTarget section */
		7DDC0F071A01237500698868 /* Funky Unit Converter */ = {
			isa = PBXNativeTarget;
			buildConfigurationList = 7DDC0F2B1A01237500698868 /* Build configuration list for PBXNativeTarget "Funky Unit Converter" */;
			buildPhases = (
				7DDC0F041A01237500698868 /* Sources */,
				7DDC0F051A01237500698868 /* Frameworks */,
				7DDC0F061A01237500698868 /* Resources */,
			);
			buildRules = (
			);
			dependencies = (
			);
			name = "Funky Unit Converter";
			productName = "Funky Unit Converter";
			productReference = 7DDC0F081A01237500698868 /* Funky Unit Converter.app */;
			productType = "com.apple.product-type.application";
		};
		7DDC0F201A01237500698868 /* Funky Unit ConverterTests */ = {
			isa = PBXNativeTarget;
			buildConfigurationList = 7DDC0F2E1A01237500698868 /* Build configuration list for PBXNativeTarget "Funky Unit ConverterTests" */;
			buildPhases = (
				7DDC0F1D1A01237500698868 /* Sources */,
				7DDC0F1E1A01237500698868 /* Frameworks */,
				7DDC0F1F1A01237500698868 /* Resources */,
			);
			buildRules = (
			);
			dependencies = (
				7DDC0F231A01237500698868 /* PBXTargetDependency */,
			);
			name = "Funky Unit ConverterTests";
			productName = "Funky Unit ConverterTests";
			productReference = 7DDC0F211A01237500698868 /* Funky Unit ConverterTests.xctest */;
			productType = "com.apple.product-type.bundle.unit-test";
		};
/* End PBXNativeTarget section */

/* Begin PBXProject section */
		7DDC0F001A01237500698868 /* Project object */ = {
			isa = PBXProject;
			attributes = {
				LastUpgradeCheck = 0610;
				ORGANIZATIONNAME = "Mihail Kalichkov";
				TargetAttributes = {
					7DDC0F071A01237500698868 = {
						CreatedOnToolsVersion = 6.1;
					};
					7DDC0F201A01237500698868 = {
						CreatedOnToolsVersion = 6.1;
						TestTargetID = 7DDC0F071A01237500698868;
					};
				};
			};
			buildConfigurationList = 7DDC0F031A01237500698868 /* Build configuration list for PBXProject "Funky Unit Converter" */;
			compatibilityVersion = "Xcode 3.2";
			developmentRegion = English;
			hasScannedForEncodings = 0;
			knownRegions = (
				en,
				Base,
			);
			mainGroup = 7DDC0EFF1A01237500698868;
			productRefGroup = 7DDC0F091A01237500698868 /* Products */;
			projectDirPath = "";
			projectRoot = "";
			targets = (
				7DDC0F071A01237500698868 /* Funky Unit Converter */,
				7DDC0F201A01237500698868 /* Funky Unit ConverterTests */,
			);
		};
/* End PBXProject section */

/* Begin PBXResourcesBuildPhase section */
		7DDC0F061A01237500698868 /* Resources */ = {
			isa = PBXResourcesBuildPhase;
			buildActionMask = 2147483647;
			files = (
				7DDC0F171A01237500698868 /* Main.storyboard in Resources */,
				7DDC0F1C1A01237500698868 /* LaunchScreen.xib in Resources */,
				7DDC0F191A01237500698868 /* Images.xcassets in Resources */,
			);
			runOnlyForDeploymentPostprocessing = 0;
		};
		7DDC0F1F1A01237500698868 /* Resources */ = {
			isa = PBXResourcesBuildPhase;
			buildActionMask = 2147483647;
			files = (
			);
			runOnlyForDeploymentPostprocessing = 0;
		};
/* End PBXResourcesBuildPhase section */

/* Begin PBXSourcesBuildPhase section */
		7DDC0F041A01237500698868 /* Sources */ = {
			isa = PBXSourcesBuildPhase;
			buildActionMask = 2147483647;
			files = (
				7DDC0F141A01237500698868 /* ViewController.m in Sources */,
				7DDC0F111A01237500698868 /* AppDelegate.m in Sources */,
				7DDC0F0E1A01237500698868 /* main.m in Sources */,
			);
			runOnlyForDeploymentPostprocessing = 0;
		};
		7DDC0F1D1A01237500698868 /* Sources */ = {
			isa = PBXSourcesBuildPhase;
			buildActionMask = 2147483647;
			files = (
				7DDC0F281A01237500698868 /* Funky_Unit_ConverterTests.m in Sources */,
			);
			runOnlyForDeploymentPostprocessing = 0;
		};
/* End PBXSourcesBuildPhase section */

/* Begin PBXTargetDependency section */
		7DDC0F231A01237500698868 /* PBXTargetDependency */ = {
			isa = PBXTargetDependency;
			target = 7DDC0F071A01237500698868 /* Funky Unit Converter */;
			targetProxy = 7DDC0F221A01237500698868 /* PBXContainerItemProxy */;
		};
/* End PBXTargetDependency section */

/* Begin PBXVariantGroup section */
		7DDC0F151A01237500698868 /* Main.storyboard */ = {
			isa = PBXVariantGroup;
			children = (
				7DDC0F161A01237500698868 /* Base */,
			);
			name = Main.storyboard;
			sourceTree = "<group>";
		};
		7DDC0F1A1A01237500698868 /* LaunchScreen.xib */ = {
			isa = PBXVariantGroup;
			children = (
				7DDC0F1B1A01237500698868 /* Base */,
			);
			name = LaunchScreen.xib;
			sourceTree = "<group>";
		};
/* End PBXVariantGroup section */

/* Begin XCBuildConfiguration section */
		7DDC0F291A01237500698868 /* Debug */ = {
			isa = XCBuildConfiguration;
			buildSettings = {
				ALWAYS_SEARCH_USER_PATHS = NO;
				CLANG_CXX_LANGUAGE_STANDARD = "gnu++0x";
				CLANG_CXX_LIBRARY = "libc++";
				CLANG_ENABLE_MODULES = YES;
				CLANG_ENABLE_OBJC_ARC = YES;
				CLANG_WARN_BOOL_CONVERSION = YES;
				CLANG_WARN_CONSTANT_CONVERSION = YES;
				CLANG_WARN_DIRECT_OBJC_ISA_USAGE = YES_ERROR;
				CLANG_WARN_EMPTY_BODY = YES;
				CLANG_WARN_ENUM_CONVERSION = YES;
				CLANG_WARN_INT_CONVERSION = YES;
				CLANG_WARN_OBJC_ROOT_CLASS = YES_ERROR;
				CLANG_WARN_UNREACHABLE_CODE = YES;
				CLANG_WARN__DUPLICATE_METHOD_MATCH = YES;
				"CODE_SIGN_IDENTITY[sdk=iphoneos*]" = "iPhone Developer";
				COPY_PHASE_STRIP = NO;
				ENABLE_STRICT_OBJC_MSGSEND = YES;
				GCC_C_LANGUAGE_STANDARD = gnu99;
				GCC_DYNAMIC_NO_PIC = NO;
				GCC_OPTIMIZATION_LEVEL = 0;
				GCC_PREPROCESSOR_DEFINITIONS = (
					"DEBUG=1",
					"$(inherited)",
				);
				GCC_SYMBOLS_PRIVATE_EXTERN = NO;
				GCC_WARN_64_TO_32_BIT_CONVERSION = YES;
				GCC_WARN_ABOUT_RETURN_TYPE = YES_ERROR;
				GCC_WARN_UNDECLARED_SELECTOR = YES;
				GCC_WARN_UNINITIALIZED_AUTOS = YES_AGGRESSIVE;
				GCC_WARN_UNUSED_FUNCTION = YES;
				GCC_WARN_UNUSED_VARIABLE = YES;
				IPHONEOS_DEPLOYMENT_TARGET = 8.1;
				MTL_ENABLE_DEBUG_INFO = YES;
				ONLY_ACTIVE_ARCH = YES;
				SDKROOT = iphoneos;
				TARGETED_DEVICE_FAMILY = "1,2";
			};
			name = Debug;
		};
		7DDC0F2A1A01237500698868 /* Release */ = {
			isa = XCBuildConfiguration;
			buildSettings = {
				ALWAYS_SEARCH_USER_PATHS = NO;
				CLANG_CXX_LANGUAGE_STANDARD = "gnu++0x";
				CLANG_CXX_LIBRARY = "libc++";
				CLANG_ENABLE_MODULES = YES;
				CLANG_ENABLE_OBJC_ARC = YES;
				CLANG_WARN_BOOL_CONVERSION = YES;
				CLANG_WARN_CONSTANT_CONVERSION = YES;
				CLANG_WARN_DIRECT_OBJC_ISA_USAGE = YES_ERROR;
				CLANG_WARN_EMPTY_BODY = YES;
				CLANG_WARN_ENUM_CONVERSION = YES;
				CLANG_WARN_INT_CONVERSION = YES;
				CLANG_WARN_OBJC_ROOT_CLASS = YES_ERROR;
				CLANG_WARN_UNREACHABLE_CODE = YES;
				CLANG_WARN__DUPLICATE_METHOD_MATCH = YES;
				"CODE_SIGN_IDENTITY[sdk=iphoneos*]" = "iPhone Developer";
				COPY_PHASE_STRIP = YES;
				ENABLE_NS_ASSERTIONS = NO;
				ENABLE_STRICT_OBJC_MSGSEND = YES;
				GCC_C_LANGUAGE_STANDARD = gnu99;
				GCC_WARN_64_TO_32_BIT_CONVERSION = YES;
				GCC_WARN_ABOUT_RETURN_TYPE = YES_ERROR;
				GCC_WARN_UNDECLARED_SELECTOR = YES;
				GCC_WARN_UNINITIALIZED_AUTOS = YES_AGGRESSIVE;
				GCC_WARN_UNUSED_FUNCTION = YES;
				GCC_WARN_UNUSED_VARIABLE = YES;
				IPHONEOS_DEPLOYMENT_TARGET = 8.1;
				MTL_ENABLE_DEBUG_INFO = NO;
				SDKROOT = iphoneos;
				TARGETED_DEVICE_FAMILY = "1,2";
				VALIDATE_PRODUCT = YES;
			};
			name = Release;
		};
		7DDC0F2C1A01237500698868 /* Debug */ = {
			isa = XCBuildConfiguration;
			buildSettings = {
				ASSETCATALOG_COMPILER_APPICON_NAME = AppIcon;
				INFOPLIST_FILE = "Funky Unit Converter/Info.plist";
				LD_RUNPATH_SEARCH_PATHS = "$(inherited) @executable_path/Frameworks";
				PRODUCT_NAME = "$(TARGET_NAME)";
				TARGETED_DEVICE_FAMILY = 1;
			};
			name = Debug;
		};
		7DDC0F2D1A01237500698868 /* Release */ = {
			isa = XCBuildConfiguration;
			buildSettings = {
				ASSETCATALOG_COMPILER_APPICON_NAME = AppIcon;
				INFOPLIST_FILE = "Funky Unit Converter/Info.plist";
				LD_RUNPATH_SEARCH_PATHS = "$(inherited) @executable_path/Frameworks";
				PRODUCT_NAME = "$(TARGET_NAME)";
				TARGETED_DEVICE_FAMILY = 1;
			};
			name = Release;
		};
		7DDC0F2F1A01237500698868 /* Debug */ = {
			isa = XCBuildConfiguration;
			buildSettings = {
				BUNDLE_LOADER = "$(TEST_HOST)";
				FRAMEWORK_SEARCH_PATHS = (
					"$(SDKROOT)/Developer/Library/Frameworks",
					"$(inherited)",
				);
				GCC_PREPROCESSOR_DEFINITIONS = (
					"DEBUG=1",
					"$(inherited)",
				);
				INFOPLIST_FILE = "Funky Unit ConverterTests/Info.plist";
				LD_RUNPATH_SEARCH_PATHS = "$(inherited) @executable_path/Frameworks @loader_path/Frameworks";
				PRODUCT_NAME = "$(TARGET_NAME)";
				TEST_HOST = "$(BUILT_PRODUCTS_DIR)/Funky Unit Converter.app/Funky Unit Converter";
			};
			name = Debug;
		};
		7DDC0F301A01237500698868 /* Release */ = {
			isa = XCBuildConfiguration;
			buildSettings = {
				BUNDLE_LOADER = "$(TEST_HOST)";
				FRAMEWORK_SEARCH_PATHS = (
					"$(SDKROOT)/Developer/Library/Frameworks",
					"$(inherited)",
				);
				INFOPLIST_FILE = "Funky Unit ConverterTests/Info.plist";
				LD_RUNPATH_SEARCH_PATHS = "$(inherited) @executable_path/Frameworks @loader_path/Frameworks";
				PRODUCT_NAME = "$(TARGET_NAME)";
				TEST_HOST = "$(BUILT_PRODUCTS_DIR)/Funky Unit Converter.app/Funky Unit Converter";
			};
			name = Release;
		};
/* End XCBuildConfiguration section */

/* Begin XCConfigurationList section */
		7DDC0F031A01237500698868 /* Build configuration list for PBXProject "Funky Unit Converter" */ = {
			isa = XCConfigurationList;
			buildConfigurations = (
				7DDC0F291A01237500698868 /* Debug */,
				7DDC0F2A1A01237500698868 /* Release */,
			);
			defaultConfigurationIsVisible = 0;
			defaultConfigurationName = Release;
		};
		7DDC0F2B1A01237500698868 /* Build configuration list for PBXNativeTarget "Funky Unit Converter" */ = {
			isa = XCConfigurationList;
			buildConfigurations = (
				7DDC0F2C1A01237500698868 /* Debug */,
				7DDC0F2D1A01237500698868 /* Release */,
			);
			defaultConfigurationIsVisible = 0;
		};
		7DDC0F2E1A01237500698868 /* Build configuration list for PBXNativeTarget "Funky Unit ConverterTests" */ = {
			isa = XCConfigurationList;
			buildConfigurations = (
				7DDC0F2F1A01237500698868 /* Debug */,
				7DDC0F301A01237500698868 /* Release */,
			);
			defaultConfigurationIsVisible = 0;
		};
/* End XCConfigurationList section */
	};
	rootObject = 7DDC0F001A01237500698868 /* Project object */;
}
