// !$*UTF8*$!
{
	archiveVersion = 1;
	classes = {
	};
	objectVersion = 46;
	objects = {

/* Begin PBXBuildFile section */
		7D0CA9C61A01701E00D243C5 /* main.m in Sources */ = {isa = PBXBuildFile; fileRef = 7D0CA9C51A01701E00D243C5 /* main.m */; };
		7D0CA9C91A01701E00D243C5 /* AppDelegate.m in Sources */ = {isa = PBXBuildFile; fileRef = 7D0CA9C81A01701E00D243C5 /* AppDelegate.m */; };
		7D0CA9CC1A01701E00D243C5 /* ViewController.m in Sources */ = {isa = PBXBuildFile; fileRef = 7D0CA9CB1A01701E00D243C5 /* ViewController.m */; };
		7D0CA9CF1A01701E00D243C5 /* Main.storyboard in Resources */ = {isa = PBXBuildFile; fileRef = 7D0CA9CD1A01701E00D243C5 /* Main.storyboard */; };
		7D0CA9D11A01701E00D243C5 /* Images.xcassets in Resources */ = {isa = PBXBuildFile; fileRef = 7D0CA9D01A01701E00D243C5 /* Images.xcassets */; };
		7D0CA9D41A01701E00D243C5 /* LaunchScreen.xib in Resources */ = {isa = PBXBuildFile; fileRef = 7D0CA9D21A01701E00D243C5 /* LaunchScreen.xib */; };
		7D0CA9E01A01701E00D243C5 /* Funky_Unit_ConverterTests.m in Sources */ = {isa = PBXBuildFile; fileRef = 7D0CA9DF1A01701E00D243C5 /* Funky_Unit_ConverterTests.m */; };
/* End PBXBuildFile section */

/* Begin PBXContainerItemProxy section */
		7D0CA9DA1A01701E00D243C5 /* PBXContainerItemProxy */ = {
			isa = PBXContainerItemProxy;
			containerPortal = 7D0CA9B81A01701E00D243C5 /* Project object */;
			proxyType = 1;
			remoteGlobalIDString = 7D0CA9BF1A01701E00D243C5;
			remoteInfo = "Funky Unit Converter";
		};
/* End PBXContainerItemProxy section */

/* Begin PBXFileReference section */
		7D0CA9C01A01701E00D243C5 /* Funky Unit Converter.app */ = {isa = PBXFileReference; explicitFileType = wrapper.application; includeInIndex = 0; path = "Funky Unit Converter.app"; sourceTree = BUILT_PRODUCTS_DIR; };
		7D0CA9C41A01701E00D243C5 /* Info.plist */ = {isa = PBXFileReference; lastKnownFileType = text.plist.xml; path = Info.plist; sourceTree = "<group>"; };
		7D0CA9C51A01701E00D243C5 /* main.m */ = {isa = PBXFileReference; lastKnownFileType = sourcecode.c.objc; path = main.m; sourceTree = "<group>"; };
		7D0CA9C71A01701E00D243C5 /* AppDelegate.h */ = {isa = PBXFileReference; lastKnownFileType = sourcecode.c.h; path = AppDelegate.h; sourceTree = "<group>"; };
		7D0CA9C81A01701E00D243C5 /* AppDelegate.m */ = {isa = PBXFileReference; lastKnownFileType = sourcecode.c.objc; path = AppDelegate.m; sourceTree = "<group>"; };
		7D0CA9CA1A01701E00D243C5 /* ViewController.h */ = {isa = PBXFileReference; lastKnownFileType = sourcecode.c.h; path = ViewController.h; sourceTree = "<group>"; };
		7D0CA9CB1A01701E00D243C5 /* ViewController.m */ = {isa = PBXFileReference; lastKnownFileType = sourcecode.c.objc; path = ViewController.m; sourceTree = "<group>"; };
		7D0CA9CE1A01701E00D243C5 /* Base */ = {isa = PBXFileReference; lastKnownFileType = file.storyboard; name = Base; path = Base.lproj/Main.storyboard; sourceTree = "<group>"; };
		7D0CA9D01A01701E00D243C5 /* Images.xcassets */ = {isa = PBXFileReference; lastKnownFileType = folder.assetcatalog; path = Images.xcassets; sourceTree = "<group>"; };
		7D0CA9D31A01701E00D243C5 /* Base */ = {isa = PBXFileReference; lastKnownFileType = file.xib; name = Base; path = Base.lproj/LaunchScreen.xib; sourceTree = "<group>"; };
		7D0CA9D91A01701E00D243C5 /* Funky Unit ConverterTests.xctest */ = {isa = PBXFileReference; explicitFileType = wrapper.cfbundle; includeInIndex = 0; path = "Funky Unit ConverterTests.xctest"; sourceTree = BUILT_PRODUCTS_DIR; };
		7D0CA9DE1A01701E00D243C5 /* Info.plist */ = {isa = PBXFileReference; lastKnownFileType = text.plist.xml; path = Info.plist; sourceTree = "<group>"; };
		7D0CA9DF1A01701E00D243C5 /* Funky_Unit_ConverterTests.m */ = {isa = PBXFileReference; lastKnownFileType = sourcecode.c.objc; path = Funky_Unit_ConverterTests.m; sourceTree = "<group>"; };
/* End PBXFileReference section */

/* Begin PBXFrameworksBuildPhase section */
		7D0CA9BD1A01701E00D243C5 /* Frameworks */ = {
			isa = PBXFrameworksBuildPhase;
			buildActionMask = 2147483647;
			files = (
			);
			runOnlyForDeploymentPostprocessing = 0;
		};
		7D0CA9D61A01701E00D243C5 /* Frameworks */ = {
			isa = PBXFrameworksBuildPhase;
			buildActionMask = 2147483647;
			files = (
			);
			runOnlyForDeploymentPostprocessing = 0;
		};
/* End PBXFrameworksBuildPhase section */

/* Begin PBXGroup section */
		7D0CA9B71A01701E00D243C5 = {
			isa = PBXGroup;
			children = (
				7D0CA9C21A01701E00D243C5 /* Funky Unit Converter */,
				7D0CA9DC1A01701E00D243C5 /* Funky Unit ConverterTests */,
				7D0CA9C11A01701E00D243C5 /* Products */,
			);
			sourceTree = "<group>";
		};
		7D0CA9C11A01701E00D243C5 /* Products */ = {
			isa = PBXGroup;
			children = (
				7D0CA9C01A01701E00D243C5 /* Funky Unit Converter.app */,
				7D0CA9D91A01701E00D243C5 /* Funky Unit ConverterTests.xctest */,
			);
			name = Products;
			sourceTree = "<group>";
		};
		7D0CA9C21A01701E00D243C5 /* Funky Unit Converter */ = {
			isa = PBXGroup;
			children = (
				7D0CA9C71A01701E00D243C5 /* AppDelegate.h */,
				7D0CA9C81A01701E00D243C5 /* AppDelegate.m */,
				7D0CA9CA1A01701E00D243C5 /* ViewController.h */,
				7D0CA9CB1A01701E00D243C5 /* ViewController.m */,
				7D0CA9CD1A01701E00D243C5 /* Main.storyboard */,
				7D0CA9D01A01701E00D243C5 /* Images.xcassets */,
				7D0CA9D21A01701E00D243C5 /* LaunchScreen.xib */,
				7D0CA9C31A01701E00D243C5 /* Supporting Files */,
			);
			path = "Funky Unit Converter";
			sourceTree = "<group>";
		};
		7D0CA9C31A01701E00D243C5 /* Supporting Files */ = {
			isa = PBXGroup;
			children = (
				7D0CA9C41A01701E00D243C5 /* Info.plist */,
				7D0CA9C51A01701E00D243C5 /* main.m */,
			);
			name = "Supporting Files";
			sourceTree = "<group>";
		};
		7D0CA9DC1A01701E00D243C5 /* Funky Unit ConverterTests */ = {
			isa = PBXGroup;
			children = (
				7D0CA9DF1A01701E00D243C5 /* Funky_Unit_ConverterTests.m */,
				7D0CA9DD1A01701E00D243C5 /* Supporting Files */,
			);
			path = "Funky Unit ConverterTests";
			sourceTree = "<group>";
		};
		7D0CA9DD1A01701E00D243C5 /* Supporting Files */ = {
			isa = PBXGroup;
			children = (
				7D0CA9DE1A01701E00D243C5 /* Info.plist */,
			);
			name = "Supporting Files";
			sourceTree = "<group>";
		};
/* End PBXGroup section */

/* Begin PBXNativeTarget section */
		7D0CA9BF1A01701E00D243C5 /* Funky Unit Converter */ = {
			isa = PBXNativeTarget;
			buildConfigurationList = 7D0CA9E31A01701E00D243C5 /* Build configuration list for PBXNativeTarget "Funky Unit Converter" */;
			buildPhases = (
				7D0CA9BC1A01701E00D243C5 /* Sources */,
				7D0CA9BD1A01701E00D243C5 /* Frameworks */,
				7D0CA9BE1A01701E00D243C5 /* Resources */,
			);
			buildRules = (
			);
			dependencies = (
			);
			name = "Funky Unit Converter";
			productName = "Funky Unit Converter";
			productReference = 7D0CA9C01A01701E00D243C5 /* Funky Unit Converter.app */;
			productType = "com.apple.product-type.application";
		};
		7D0CA9D81A01701E00D243C5 /* Funky Unit ConverterTests */ = {
			isa = PBXNativeTarget;
			buildConfigurationList = 7D0CA9E61A01701E00D243C5 /* Build configuration list for PBXNativeTarget "Funky Unit ConverterTests" */;
			buildPhases = (
				7D0CA9D51A01701E00D243C5 /* Sources */,
				7D0CA9D61A01701E00D243C5 /* Frameworks */,
				7D0CA9D71A01701E00D243C5 /* Resources */,
			);
			buildRules = (
			);
			dependencies = (
				7D0CA9DB1A01701E00D243C5 /* PBXTargetDependency */,
			);
			name = "Funky Unit ConverterTests";
			productName = "Funky Unit ConverterTests";
			productReference = 7D0CA9D91A01701E00D243C5 /* Funky Unit ConverterTests.xctest */;
			productType = "com.apple.product-type.bundle.unit-test";
		};
/* End PBXNativeTarget section */

/* Begin PBXProject section */
		7D0CA9B81A01701E00D243C5 /* Project object */ = {
			isa = PBXProject;
			attributes = {
				LastUpgradeCheck = 0610;
				ORGANIZATIONNAME = "Mihail Kalichkov";
				TargetAttributes = {
					7D0CA9BF1A01701E00D243C5 = {
						CreatedOnToolsVersion = 6.1;
					};
					7D0CA9D81A01701E00D243C5 = {
						CreatedOnToolsVersion = 6.1;
						TestTargetID = 7D0CA9BF1A01701E00D243C5;
					};
				};
			};
			buildConfigurationList = 7D0CA9BB1A01701E00D243C5 /* Build configuration list for PBXProject "Funky Unit Converter" */;
			compatibilityVersion = "Xcode 3.2";
			developmentRegion = English;
			hasScannedForEncodings = 0;
			knownRegions = (
				en,
				Base,
			);
			mainGroup = 7D0CA9B71A01701E00D243C5;
			productRefGroup = 7D0CA9C11A01701E00D243C5 /* Products */;
			projectDirPath = "";
			projectRoot = "";
			targets = (
				7D0CA9BF1A01701E00D243C5 /* Funky Unit Converter */,
				7D0CA9D81A01701E00D243C5 /* Funky Unit ConverterTests */,
			);
		};
/* End PBXProject section */

/* Begin PBXResourcesBuildPhase section */
		7D0CA9BE1A01701E00D243C5 /* Resources */ = {
			isa = PBXResourcesBuildPhase;
			buildActionMask = 2147483647;
			files = (
				7D0CA9CF1A01701E00D243C5 /* Main.storyboard in Resources */,
				7D0CA9D41A01701E00D243C5 /* LaunchScreen.xib in Resources */,
				7D0CA9D11A01701E00D243C5 /* Images.xcassets in Resources */,
			);
			runOnlyForDeploymentPostprocessing = 0;
		};
		7D0CA9D71A01701E00D243C5 /* Resources */ = {
			isa = PBXResourcesBuildPhase;
			buildActionMask = 2147483647;
			files = (
			);
			runOnlyForDeploymentPostprocessing = 0;
		};
/* End PBXResourcesBuildPhase section */

/* Begin PBXSourcesBuildPhase section */
		7D0CA9BC1A01701E00D243C5 /* Sources */ = {
			isa = PBXSourcesBuildPhase;
			buildActionMask = 2147483647;
			files = (
				7D0CA9CC1A01701E00D243C5 /* ViewController.m in Sources */,
				7D0CA9C91A01701E00D243C5 /* AppDelegate.m in Sources */,
				7D0CA9C61A01701E00D243C5 /* main.m in Sources */,
			);
			runOnlyForDeploymentPostprocessing = 0;
		};
		7D0CA9D51A01701E00D243C5 /* Sources */ = {
			isa = PBXSourcesBuildPhase;
			buildActionMask = 2147483647;
			files = (
				7D0CA9E01A01701E00D243C5 /* Funky_Unit_ConverterTests.m in Sources */,
			);
			runOnlyForDeploymentPostprocessing = 0;
		};
/* End PBXSourcesBuildPhase section */

/* Begin PBXTargetDependency section */
		7D0CA9DB1A01701E00D243C5 /* PBXTargetDependency */ = {
			isa = PBXTargetDependency;
			target = 7D0CA9BF1A01701E00D243C5 /* Funky Unit Converter */;
			targetProxy = 7D0CA9DA1A01701E00D243C5 /* PBXContainerItemProxy */;
		};
/* End PBXTargetDependency section */

/* Begin PBXVariantGroup section */
		7D0CA9CD1A01701E00D243C5 /* Main.storyboard */ = {
			isa = PBXVariantGroup;
			children = (
				7D0CA9CE1A01701E00D243C5 /* Base */,
			);
			name = Main.storyboard;
			sourceTree = "<group>";
		};
		7D0CA9D21A01701E00D243C5 /* LaunchScreen.xib */ = {
			isa = PBXVariantGroup;
			children = (
				7D0CA9D31A01701E00D243C5 /* Base */,
			);
			name = LaunchScreen.xib;
			sourceTree = "<group>";
		};
/* End PBXVariantGroup section */

/* Begin XCBuildConfiguration section */
		7D0CA9E11A01701E00D243C5 /* Debug */ = {
			isa = XCBuildConfiguration;
			buildSettings = {
				ALWAYS_SEARCH_USER_PATHS = NO;
				CLANG_CXX_LANGUAGE_STANDARD = "gnu++0x";
				CLANG_CXX_LIBRARY = "libc++";
				CLANG_ENABLE_MODULES = YES;
				CLANG_ENABLE_OBJC_ARC = YES;
				CLANG_WARN_BOOL_CONVERSION = YES;
				CLANG_WARN_CONSTANT_CONVERSION = YES;
				CLANG_WARN_DIRECT_OBJC_ISA_USAGE = YES_ERROR;
				CLANG_WARN_EMPTY_BODY = YES;
				CLANG_WARN_ENUM_CONVERSION = YES;
				CLANG_WARN_INT_CONVERSION = YES;
				CLANG_WARN_OBJC_ROOT_CLASS = YES_ERROR;
				CLANG_WARN_UNREACHABLE_CODE = YES;
				CLANG_WARN__DUPLICATE_METHOD_MATCH = YES;
				"CODE_SIGN_IDENTITY[sdk=iphoneos*]" = "iPhone Developer";
				COPY_PHASE_STRIP = NO;
				ENABLE_STRICT_OBJC_MSGSEND = YES;
				GCC_C_LANGUAGE_STANDARD = gnu99;
				GCC_DYNAMIC_NO_PIC = NO;
				GCC_OPTIMIZATION_LEVEL = 0;
				GCC_PREPROCESSOR_DEFINITIONS = (
					"DEBUG=1",
					"$(inherited)",
				);
				GCC_SYMBOLS_PRIVATE_EXTERN = NO;
				GCC_WARN_64_TO_32_BIT_CONVERSION = YES;
				GCC_WARN_ABOUT_RETURN_TYPE = YES_ERROR;
				GCC_WARN_UNDECLARED_SELECTOR = YES;
				GCC_WARN_UNINITIALIZED_AUTOS = YES_AGGRESSIVE;
				GCC_WARN_UNUSED_FUNCTION = YES;
				GCC_WARN_UNUSED_VARIABLE = YES;
				IPHONEOS_DEPLOYMENT_TARGET = 8.1;
				MTL_ENABLE_DEBUG_INFO = YES;
				ONLY_ACTIVE_ARCH = YES;
				SDKROOT = iphoneos;
			};
			name = Debug;
		};
		7D0CA9E21A01701E00D243C5 /* Release */ = {
			isa = XCBuildConfiguration;
			buildSettings = {
				ALWAYS_SEARCH_USER_PATHS = NO;
				CLANG_CXX_LANGUAGE_STANDARD = "gnu++0x";
				CLANG_CXX_LIBRARY = "libc++";
				CLANG_ENABLE_MODULES = YES;
				CLANG_ENABLE_OBJC_ARC = YES;
				CLANG_WARN_BOOL_CONVERSION = YES;
				CLANG_WARN_CONSTANT_CONVERSION = YES;
				CLANG_WARN_DIRECT_OBJC_ISA_USAGE = YES_ERROR;
				CLANG_WARN_EMPTY_BODY = YES;
				CLANG_WARN_ENUM_CONVERSION = YES;
				CLANG_WARN_INT_CONVERSION = YES;
				CLANG_WARN_OBJC_ROOT_CLASS = YES_ERROR;
				CLANG_WARN_UNREACHABLE_CODE = YES;
				CLANG_WARN__DUPLICATE_METHOD_MATCH = YES;
				"CODE_SIGN_IDENTITY[sdk=iphoneos*]" = "iPhone Developer";
				COPY_PHASE_STRIP = YES;
				ENABLE_NS_ASSERTIONS = NO;
				ENABLE_STRICT_OBJC_MSGSEND = YES;
				GCC_C_LANGUAGE_STANDARD = gnu99;
				GCC_WARN_64_TO_32_BIT_CONVERSION = YES;
				GCC_WARN_ABOUT_RETURN_TYPE = YES_ERROR;
				GCC_WARN_UNDECLARED_SELECTOR = YES;
				GCC_WARN_UNINITIALIZED_AUTOS = YES_AGGRESSIVE;
				GCC_WARN_UNUSED_FUNCTION = YES;
				GCC_WARN_UNUSED_VARIABLE = YES;
				IPHONEOS_DEPLOYMENT_TARGET = 8.1;
				MTL_ENABLE_DEBUG_INFO = NO;
				SDKROOT = iphoneos;
				VALIDATE_PRODUCT = YES;
			};
			name = Release;
		};
		7D0CA9E41A01701E00D243C5 /* Debug */ = {
			isa = XCBuildConfiguration;
			buildSettings = {
				ASSETCATALOG_COMPILER_APPICON_NAME = AppIcon;
				INFOPLIST_FILE = "Funky Unit Converter/Info.plist";
				LD_RUNPATH_SEARCH_PATHS = "$(inherited) @executable_path/Frameworks";
				PRODUCT_NAME = "$(TARGET_NAME)";
			};
			name = Debug;
		};
		7D0CA9E51A01701E00D243C5 /* Release */ = {
			isa = XCBuildConfiguration;
			buildSettings = {
				ASSETCATALOG_COMPILER_APPICON_NAME = AppIcon;
				INFOPLIST_FILE = "Funky Unit Converter/Info.plist";
				LD_RUNPATH_SEARCH_PATHS = "$(inherited) @executable_path/Frameworks";
				PRODUCT_NAME = "$(TARGET_NAME)";
			};
			name = Release;
		};
		7D0CA9E71A01701E00D243C5 /* Debug */ = {
			isa = XCBuildConfiguration;
			buildSettings = {
				BUNDLE_LOADER = "$(TEST_HOST)";
				FRAMEWORK_SEARCH_PATHS = (
					"$(SDKROOT)/Developer/Library/Frameworks",
					"$(inherited)",
				);
				GCC_PREPROCESSOR_DEFINITIONS = (
					"DEBUG=1",
					"$(inherited)",
				);
				INFOPLIST_FILE = "Funky Unit ConverterTests/Info.plist";
				LD_RUNPATH_SEARCH_PATHS = "$(inherited) @executable_path/Frameworks @loader_path/Frameworks";
				PRODUCT_NAME = "$(TARGET_NAME)";
				TEST_HOST = "$(BUILT_PRODUCTS_DIR)/Funky Unit Converter.app/Funky Unit Converter";
			};
			name = Debug;
		};
		7D0CA9E81A01701E00D243C5 /* Release */ = {
			isa = XCBuildConfiguration;
			buildSettings = {
				BUNDLE_LOADER = "$(TEST_HOST)";
				FRAMEWORK_SEARCH_PATHS = (
					"$(SDKROOT)/Developer/Library/Frameworks",
					"$(inherited)",
				);
				INFOPLIST_FILE = "Funky Unit ConverterTests/Info.plist";
				LD_RUNPATH_SEARCH_PATHS = "$(inherited) @executable_path/Frameworks @loader_path/Frameworks";
				PRODUCT_NAME = "$(TARGET_NAME)";
				TEST_HOST = "$(BUILT_PRODUCTS_DIR)/Funky Unit Converter.app/Funky Unit Converter";
			};
			name = Release;
		};
/* End XCBuildConfiguration section */

/* Begin XCConfigurationList section */
		7D0CA9BB1A01701E00D243C5 /* Build configuration list for PBXProject "Funky Unit Converter" */ = {
			isa = XCConfigurationList;
			buildConfigurations = (
				7D0CA9E11A01701E00D243C5 /* Debug */,
				7D0CA9E21A01701E00D243C5 /* Release */,
			);
			defaultConfigurationIsVisible = 0;
			defaultConfigurationName = Release;
		};
		7D0CA9E31A01701E00D243C5 /* Build configuration list for PBXNativeTarget "Funky Unit Converter" */ = {
			isa = XCConfigurationList;
			buildConfigurations = (
				7D0CA9E41A01701E00D243C5 /* Debug */,
				7D0CA9E51A01701E00D243C5 /* Release */,
			);
			defaultConfigurationIsVisible = 0;
		};
		7D0CA9E61A01701E00D243C5 /* Build configuration list for PBXNativeTarget "Funky Unit ConverterTests" */ = {
			isa = XCConfigurationList;
			buildConfigurations = (
				7D0CA9E71A01701E00D243C5 /* Debug */,
				7D0CA9E81A01701E00D243C5 /* Release */,
			);
			defaultConfigurationIsVisible = 0;
		};
/* End XCConfigurationList section */
	};
	rootObject = 7D0CA9B81A01701E00D243C5 /* Project object */;
}
